schema: '2.0'
stages:
  data_ingestion:
    cmd: python src/data_ingestion.py
    deps:
    - path: src/data_ingestion.py
      hash: md5
      md5: 785aacf38eab402a027a913d59940e7d
      size: 3673
    outs:
    - path: data/raw
      hash: md5
      md5: 1a287d34dc172d9f950c03dae35f7e73.dir
      size: 484846
      nfiles: 2
  data_preprocessing:
    cmd: python src/data_preprocessing.py
    deps:
    - path: data/raw
      hash: md5
      md5: 1a287d34dc172d9f950c03dae35f7e73.dir
      size: 484846
      nfiles: 2
    - path: src/data_preprocessing.py
      hash: md5
      md5: 193003ebd209df4708202beaea32e407
      size: 3971
    outs:
    - path: data/interim
      hash: md5
      md5: d99be5cb2b019d747166f90739fa6d08.dir
      size: 260073
      nfiles: 2
  feature_engineering:
    cmd: python src/feature_engineering.py
    deps:
    - path: data/interim
      hash: md5
      md5: d99be5cb2b019d747166f90739fa6d08.dir
      size: 260073
      nfiles: 2
    - path: src/feature_engineering.py
      hash: md5
      md5: 533a938a2bee162ef5a02496c3c2ce37
      size: 3944
    outs:
    - path: data/processed
      hash: md5
      md5: 75e218e1ef3eca0fbee7bf147502a2e7.dir
      size: 1179996
      nfiles: 2
  model_building:
    cmd: python src/model_building.py
    deps:
    - path: data/processed
      hash: md5
      md5: 75e218e1ef3eca0fbee7bf147502a2e7.dir
      size: 1179996
      nfiles: 2
    - path: src/model_building.py
      hash: md5
      md5: cf707a770c8d6c345e5439cea6b99c13
      size: 4862
    outs:
    - path: models/model.pkl
      hash: md5
      md5: 8aaeb7a5e7e6e4ec0d19f850117a183a
      size: 4010062
  model_evaluation:
    cmd: python src/model_evaluation.py
    deps:
    - path: models/model.pkl
      hash: md5
      md5: 8aaeb7a5e7e6e4ec0d19f850117a183a
      size: 4010062
    - path: src/model_evaluation.py
      hash: md5
      md5: e4fad82a97cb46103fcf39b8a92afcce
      size: 4687
    outs:
    - path: reports/metrics.json
      hash: md5
      md5: 0b1599eca286019ce8e7c520a58f19b3
      size: 135
